// !$*UTF8*$!
{
	archiveVersion = 1;
	classes = {
	};
	objectVersion = 50;
	objects = {

/* Begin PBXBuildFile section */
		363EA76F25B5F9C2001E73CA /* AppDelegate.swift in Sources */ = {isa = PBXBuildFile; fileRef = 363EA76E25B5F9C2001E73CA /* AppDelegate.swift */; };
		363EA77125B5F9C2001E73CA /* SceneDelegate.swift in Sources */ = {isa = PBXBuildFile; fileRef = 363EA77025B5F9C2001E73CA /* SceneDelegate.swift */; };
		363EA77325B5F9C2001E73CA /* ViewController.swift in Sources */ = {isa = PBXBuildFile; fileRef = 363EA77225B5F9C2001E73CA /* ViewController.swift */; };
		363EA77625B5F9C2001E73CA /* Main.storyboard in Resources */ = {isa = PBXBuildFile; fileRef = 363EA77425B5F9C2001E73CA /* Main.storyboard */; };
		363EA77B25B5F9C6001E73CA /* Assets.xcassets in Resources */ = {isa = PBXBuildFile; fileRef = 363EA77A25B5F9C6001E73CA /* Assets.xcassets */; };
		363EA77E25B5F9C6001E73CA /* LaunchScreen.storyboard in Resources */ = {isa = PBXBuildFile; fileRef = 363EA77C25B5F9C6001E73CA /* LaunchScreen.storyboard */; };
		363EA78925B5F9C6001E73CA /* TrackLocationTests.swift in Sources */ = {isa = PBXBuildFile; fileRef = 363EA78825B5F9C6001E73CA /* TrackLocationTests.swift */; };
		363EA79425B5F9C6001E73CA /* TrackLocationUITests.swift in Sources */ = {isa = PBXBuildFile; fileRef = 363EA79325B5F9C6001E73CA /* TrackLocationUITests.swift */; };
		363EA7B725B5FB83001E73CA /* Utility.swift in Sources */ = {isa = PBXBuildFile; fileRef = 363EA7AD25B5FB83001E73CA /* Utility.swift */; };
		363EA7B825B5FB83001E73CA /* LocationTrackerViewController.swift in Sources */ = {isa = PBXBuildFile; fileRef = 363EA7AE25B5FB83001E73CA /* LocationTrackerViewController.swift */; };
		363EA7B925B5FB83001E73CA /* LocationTrackerPresenter.swift in Sources */ = {isa = PBXBuildFile; fileRef = 363EA7AF25B5FB83001E73CA /* LocationTrackerPresenter.swift */; };
		363EA7BA25B5FB83001E73CA /* LocationTrackerInterface.swift in Sources */ = {isa = PBXBuildFile; fileRef = 363EA7B025B5FB83001E73CA /* LocationTrackerInterface.swift */; };
		363EA7BB25B5FB83001E73CA /* LocationTrackerModel.swift in Sources */ = {isa = PBXBuildFile; fileRef = 363EA7B125B5FB83001E73CA /* LocationTrackerModel.swift */; };
		363EA7BC25B5FB83001E73CA /* LocationTrackerRouter.swift in Sources */ = {isa = PBXBuildFile; fileRef = 363EA7B225B5FB83001E73CA /* LocationTrackerRouter.swift */; };
		363EA7BD25B5FB83001E73CA /* LocationTrackerInteractor.swift in Sources */ = {isa = PBXBuildFile; fileRef = 363EA7B325B5FB83001E73CA /* LocationTrackerInteractor.swift */; };
		363EA7BE25B5FB83001E73CA /* LocationTrackerConfigurator.swift in Sources */ = {isa = PBXBuildFile; fileRef = 363EA7B425B5FB83001E73CA /* LocationTrackerConfigurator.swift */; };
		363EA7BF25B5FB83001E73CA /* TrackLocation.xcdatamodeld in Sources */ = {isa = PBXBuildFile; fileRef = 363EA7B525B5FB83001E73CA /* TrackLocation.xcdatamodeld */; };
		363EA7E625B61868001E73CA /* LocationTrackerAPIService.swift in Sources */ = {isa = PBXBuildFile; fileRef = 363EA7E525B61868001E73CA /* LocationTrackerAPIService.swift */; };
/* End PBXBuildFile section */

/* Begin PBXContainerItemProxy section */
		363EA78525B5F9C6001E73CA /* PBXContainerItemProxy */ = {
			isa = PBXContainerItemProxy;
			containerPortal = 363EA76325B5F9C2001E73CA /* Project object */;
			proxyType = 1;
			remoteGlobalIDString = 363EA76A25B5F9C2001E73CA;
			remoteInfo = TrackLocation;
		};
		363EA79025B5F9C6001E73CA /* PBXContainerItemProxy */ = {
			isa = PBXContainerItemProxy;
			containerPortal = 363EA76325B5F9C2001E73CA /* Project object */;
			proxyType = 1;
			remoteGlobalIDString = 363EA76A25B5F9C2001E73CA;
			remoteInfo = TrackLocation;
		};
/* End PBXContainerItemProxy section */

/* Begin PBXFileReference section */
		363EA76B25B5F9C2001E73CA /* TrackLocation.app */ = {isa = PBXFileReference; explicitFileType = wrapper.application; includeInIndex = 0; path = TrackLocation.app; sourceTree = BUILT_PRODUCTS_DIR; };
		363EA76E25B5F9C2001E73CA /* AppDelegate.swift */ = {isa = PBXFileReference; lastKnownFileType = sourcecode.swift; path = AppDelegate.swift; sourceTree = "<group>"; };
		363EA77025B5F9C2001E73CA /* SceneDelegate.swift */ = {isa = PBXFileReference; lastKnownFileType = sourcecode.swift; path = SceneDelegate.swift; sourceTree = "<group>"; };
		363EA77225B5F9C2001E73CA /* ViewController.swift */ = {isa = PBXFileReference; lastKnownFileType = sourcecode.swift; path = ViewController.swift; sourceTree = "<group>"; };
		363EA77525B5F9C2001E73CA /* Base */ = {isa = PBXFileReference; lastKnownFileType = file.storyboard; name = Base; path = Base.lproj/Main.storyboard; sourceTree = "<group>"; };
		363EA77A25B5F9C6001E73CA /* Assets.xcassets */ = {isa = PBXFileReference; lastKnownFileType = folder.assetcatalog; path = Assets.xcassets; sourceTree = "<group>"; };
		363EA77D25B5F9C6001E73CA /* Base */ = {isa = PBXFileReference; lastKnownFileType = file.storyboard; name = Base; path = Base.lproj/LaunchScreen.storyboard; sourceTree = "<group>"; };
		363EA77F25B5F9C6001E73CA /* Info.plist */ = {isa = PBXFileReference; lastKnownFileType = text.plist.xml; path = Info.plist; sourceTree = "<group>"; };
		363EA78425B5F9C6001E73CA /* TrackLocationTests.xctest */ = {isa = PBXFileReference; explicitFileType = wrapper.cfbundle; includeInIndex = 0; path = TrackLocationTests.xctest; sourceTree = BUILT_PRODUCTS_DIR; };
		363EA78825B5F9C6001E73CA /* TrackLocationTests.swift */ = {isa = PBXFileReference; lastKnownFileType = sourcecode.swift; path = TrackLocationTests.swift; sourceTree = "<group>"; };
		363EA78A25B5F9C6001E73CA /* Info.plist */ = {isa = PBXFileReference; lastKnownFileType = text.plist.xml; path = Info.plist; sourceTree = "<group>"; };
		363EA78F25B5F9C6001E73CA /* TrackLocationUITests.xctest */ = {isa = PBXFileReference; explicitFileType = wrapper.cfbundle; includeInIndex = 0; path = TrackLocationUITests.xctest; sourceTree = BUILT_PRODUCTS_DIR; };
		363EA79325B5F9C6001E73CA /* TrackLocationUITests.swift */ = {isa = PBXFileReference; lastKnownFileType = sourcecode.swift; path = TrackLocationUITests.swift; sourceTree = "<group>"; };
		363EA79525B5F9C6001E73CA /* Info.plist */ = {isa = PBXFileReference; lastKnownFileType = text.plist.xml; path = Info.plist; sourceTree = "<group>"; };
		363EA7AD25B5FB83001E73CA /* Utility.swift */ = {isa = PBXFileReference; fileEncoding = 4; lastKnownFileType = sourcecode.swift; path = Utility.swift; sourceTree = "<group>"; };
		363EA7AE25B5FB83001E73CA /* LocationTrackerViewController.swift */ = {isa = PBXFileReference; fileEncoding = 4; lastKnownFileType = sourcecode.swift; path = LocationTrackerViewController.swift; sourceTree = "<group>"; };
		363EA7AF25B5FB83001E73CA /* LocationTrackerPresenter.swift */ = {isa = PBXFileReference; fileEncoding = 4; lastKnownFileType = sourcecode.swift; path = LocationTrackerPresenter.swift; sourceTree = "<group>"; };
		363EA7B025B5FB83001E73CA /* LocationTrackerInterface.swift */ = {isa = PBXFileReference; fileEncoding = 4; lastKnownFileType = sourcecode.swift; path = LocationTrackerInterface.swift; sourceTree = "<group>"; };
		363EA7B125B5FB83001E73CA /* LocationTrackerModel.swift */ = {isa = PBXFileReference; fileEncoding = 4; lastKnownFileType = sourcecode.swift; path = LocationTrackerModel.swift; sourceTree = "<group>"; };
		363EA7B225B5FB83001E73CA /* LocationTrackerRouter.swift */ = {isa = PBXFileReference; fileEncoding = 4; lastKnownFileType = sourcecode.swift; path = LocationTrackerRouter.swift; sourceTree = "<group>"; };
		363EA7B325B5FB83001E73CA /* LocationTrackerInteractor.swift */ = {isa = PBXFileReference; fileEncoding = 4; lastKnownFileType = sourcecode.swift; path = LocationTrackerInteractor.swift; sourceTree = "<group>"; };
		363EA7B425B5FB83001E73CA /* LocationTrackerConfigurator.swift */ = {isa = PBXFileReference; fileEncoding = 4; lastKnownFileType = sourcecode.swift; path = LocationTrackerConfigurator.swift; sourceTree = "<group>"; };
		363EA7B625B5FB83001E73CA /* TrackLocation.xcdatamodel */ = {isa = PBXFileReference; lastKnownFileType = wrapper.xcdatamodel; path = TrackLocation.xcdatamodel; sourceTree = "<group>"; };
		363EA7E525B61868001E73CA /* LocationTrackerAPIService.swift */ = {isa = PBXFileReference; lastKnownFileType = sourcecode.swift; path = LocationTrackerAPIService.swift; sourceTree = "<group>"; };
/* End PBXFileReference section */

/* Begin PBXFrameworksBuildPhase section */
		363EA76825B5F9C2001E73CA /* Frameworks */ = {
			isa = PBXFrameworksBuildPhase;
			buildActionMask = 2147483647;
			files = (
			);
			runOnlyForDeploymentPostprocessing = 0;
		};
		363EA78125B5F9C6001E73CA /* Frameworks */ = {
			isa = PBXFrameworksBuildPhase;
			buildActionMask = 2147483647;
			files = (
			);
			runOnlyForDeploymentPostprocessing = 0;
		};
		363EA78C25B5F9C6001E73CA /* Frameworks */ = {
			isa = PBXFrameworksBuildPhase;
			buildActionMask = 2147483647;
			files = (
			);
			runOnlyForDeploymentPostprocessing = 0;
		};
/* End PBXFrameworksBuildPhase section */

/* Begin PBXGroup section */
		363EA76225B5F9C2001E73CA = {
			isa = PBXGroup;
			children = (
				363EA76D25B5F9C2001E73CA /* TrackLocation */,
				363EA78725B5F9C6001E73CA /* TrackLocationTests */,
				363EA79225B5F9C6001E73CA /* TrackLocationUITests */,
				363EA76C25B5F9C2001E73CA /* Products */,
			);
			sourceTree = "<group>";
		};
		363EA76C25B5F9C2001E73CA /* Products */ = {
			isa = PBXGroup;
			children = (
				363EA76B25B5F9C2001E73CA /* TrackLocation.app */,
				363EA78425B5F9C6001E73CA /* TrackLocationTests.xctest */,
				363EA78F25B5F9C6001E73CA /* TrackLocationUITests.xctest */,
			);
			name = Products;
			sourceTree = "<group>";
		};
		363EA76D25B5F9C2001E73CA /* TrackLocation */ = {
			isa = PBXGroup;
			children = (
				363EA7C325B5FB9A001E73CA /* Tracker */,
				363EA76E25B5F9C2001E73CA /* AppDelegate.swift */,
				363EA77025B5F9C2001E73CA /* SceneDelegate.swift */,
				363EA77225B5F9C2001E73CA /* ViewController.swift */,
				363EA77425B5F9C2001E73CA /* Main.storyboard */,
				363EA77A25B5F9C6001E73CA /* Assets.xcassets */,
				363EA77C25B5F9C6001E73CA /* LaunchScreen.storyboard */,
				363EA7B525B5FB83001E73CA /* TrackLocation.xcdatamodeld */,
				363EA77F25B5F9C6001E73CA /* Info.plist */,
			);
			path = TrackLocation;
			sourceTree = "<group>";
		};
		363EA78725B5F9C6001E73CA /* TrackLocationTests */ = {
			isa = PBXGroup;
			children = (
				363EA78825B5F9C6001E73CA /* TrackLocationTests.swift */,
				363EA78A25B5F9C6001E73CA /* Info.plist */,
			);
			path = TrackLocationTests;
			sourceTree = "<group>";
		};
		363EA79225B5F9C6001E73CA /* TrackLocationUITests */ = {
			isa = PBXGroup;
			children = (
				363EA79325B5F9C6001E73CA /* TrackLocationUITests.swift */,
				363EA79525B5F9C6001E73CA /* Info.plist */,
			);
			path = TrackLocationUITests;
			sourceTree = "<group>";
		};
		363EA7C325B5FB9A001E73CA /* Tracker */ = {
			isa = PBXGroup;
			children = (
				363EA7B425B5FB83001E73CA /* LocationTrackerConfigurator.swift */,
				363EA7B325B5FB83001E73CA /* LocationTrackerInteractor.swift */,
				363EA7B025B5FB83001E73CA /* LocationTrackerInterface.swift */,
				363EA7B125B5FB83001E73CA /* LocationTrackerModel.swift */,
				363EA7E525B61868001E73CA /* LocationTrackerAPIService.swift */,
				363EA7AF25B5FB83001E73CA /* LocationTrackerPresenter.swift */,
				363EA7B225B5FB83001E73CA /* LocationTrackerRouter.swift */,
				363EA7AE25B5FB83001E73CA /* LocationTrackerViewController.swift */,
				363EA7AD25B5FB83001E73CA /* Utility.swift */,
			);
			path = Tracker;
			sourceTree = "<group>";
		};
/* End PBXGroup section */

/* Begin PBXNativeTarget section */
		363EA76A25B5F9C2001E73CA /* TrackLocation */ = {
			isa = PBXNativeTarget;
			buildConfigurationList = 363EA79825B5F9C6001E73CA /* Build configuration list for PBXNativeTarget "TrackLocation" */;
			buildPhases = (
				363EA76725B5F9C2001E73CA /* Sources */,
				363EA76825B5F9C2001E73CA /* Frameworks */,
				363EA76925B5F9C2001E73CA /* Resources */,
			);
			buildRules = (
			);
			dependencies = (
			);
			name = TrackLocation;
			productName = TrackLocation;
			productReference = 363EA76B25B5F9C2001E73CA /* TrackLocation.app */;
			productType = "com.apple.product-type.application";
		};
		363EA78325B5F9C6001E73CA /* TrackLocationTests */ = {
			isa = PBXNativeTarget;
			buildConfigurationList = 363EA79B25B5F9C6001E73CA /* Build configuration list for PBXNativeTarget "TrackLocationTests" */;
			buildPhases = (
				363EA78025B5F9C6001E73CA /* Sources */,
				363EA78125B5F9C6001E73CA /* Frameworks */,
				363EA78225B5F9C6001E73CA /* Resources */,
			);
			buildRules = (
			);
			dependencies = (
				363EA78625B5F9C6001E73CA /* PBXTargetDependency */,
			);
			name = TrackLocationTests;
			productName = TrackLocationTests;
			productReference = 363EA78425B5F9C6001E73CA /* TrackLocationTests.xctest */;
			productType = "com.apple.product-type.bundle.unit-test";
		};
		363EA78E25B5F9C6001E73CA /* TrackLocationUITests */ = {
			isa = PBXNativeTarget;
			buildConfigurationList = 363EA79E25B5F9C6001E73CA /* Build configuration list for PBXNativeTarget "TrackLocationUITests" */;
			buildPhases = (
				363EA78B25B5F9C6001E73CA /* Sources */,
				363EA78C25B5F9C6001E73CA /* Frameworks */,
				363EA78D25B5F9C6001E73CA /* Resources */,
			);
			buildRules = (
			);
			dependencies = (
				363EA79125B5F9C6001E73CA /* PBXTargetDependency */,
			);
			name = TrackLocationUITests;
			productName = TrackLocationUITests;
			productReference = 363EA78F25B5F9C6001E73CA /* TrackLocationUITests.xctest */;
			productType = "com.apple.product-type.bundle.ui-testing";
		};
/* End PBXNativeTarget section */

/* Begin PBXProject section */
		363EA76325B5F9C2001E73CA /* Project object */ = {
			isa = PBXProject;
			attributes = {
				LastSwiftUpdateCheck = 1230;
				LastUpgradeCheck = 1230;
				TargetAttributes = {
					363EA76A25B5F9C2001E73CA = {
						CreatedOnToolsVersion = 12.3;
					};
					363EA78325B5F9C6001E73CA = {
						CreatedOnToolsVersion = 12.3;
						TestTargetID = 363EA76A25B5F9C2001E73CA;
					};
					363EA78E25B5F9C6001E73CA = {
						CreatedOnToolsVersion = 12.3;
						TestTargetID = 363EA76A25B5F9C2001E73CA;
					};
				};
			};
			buildConfigurationList = 363EA76625B5F9C2001E73CA /* Build configuration list for PBXProject "TrackLocation" */;
			compatibilityVersion = "Xcode 9.3";
			developmentRegion = en;
			hasScannedForEncodings = 0;
			knownRegions = (
				en,
				Base,
			);
			mainGroup = 363EA76225B5F9C2001E73CA;
			productRefGroup = 363EA76C25B5F9C2001E73CA /* Products */;
			projectDirPath = "";
			projectRoot = "";
			targets = (
				363EA76A25B5F9C2001E73CA /* TrackLocation */,
				363EA78325B5F9C6001E73CA /* TrackLocationTests */,
				363EA78E25B5F9C6001E73CA /* TrackLocationUITests */,
			);
		};
/* End PBXProject section */

/* Begin PBXResourcesBuildPhase section */
		363EA76925B5F9C2001E73CA /* Resources */ = {
			isa = PBXResourcesBuildPhase;
			buildActionMask = 2147483647;
			files = (
				363EA77E25B5F9C6001E73CA /* LaunchScreen.storyboard in Resources */,
				363EA77B25B5F9C6001E73CA /* Assets.xcassets in Resources */,
				363EA77625B5F9C2001E73CA /* Main.storyboard in Resources */,
			);
			runOnlyForDeploymentPostprocessing = 0;
		};
		363EA78225B5F9C6001E73CA /* Resources */ = {
			isa = PBXResourcesBuildPhase;
			buildActionMask = 2147483647;
			files = (
			);
			runOnlyForDeploymentPostprocessing = 0;
		};
		363EA78D25B5F9C6001E73CA /* Resources */ = {
			isa = PBXResourcesBuildPhase;
			buildActionMask = 2147483647;
			files = (
			);
			runOnlyForDeploymentPostprocessing = 0;
		};
/* End PBXResourcesBuildPhase section */

/* Begin PBXSourcesBuildPhase section */
		363EA76725B5F9C2001E73CA /* Sources */ = {
			isa = PBXSourcesBuildPhase;
			buildActionMask = 2147483647;
			files = (
				363EA7B825B5FB83001E73CA /* LocationTrackerViewController.swift in Sources */,
				363EA7E625B61868001E73CA /* LocationTrackerAPIService.swift in Sources */,
				363EA7B725B5FB83001E73CA /* Utility.swift in Sources */,
				363EA7B925B5FB83001E73CA /* LocationTrackerPresenter.swift in Sources */,
				363EA7BE25B5FB83001E73CA /* LocationTrackerConfigurator.swift in Sources */,
				363EA77325B5F9C2001E73CA /* ViewController.swift in Sources */,
				363EA7BD25B5FB83001E73CA /* LocationTrackerInteractor.swift in Sources */,
				363EA76F25B5F9C2001E73CA /* AppDelegate.swift in Sources */,
				363EA77125B5F9C2001E73CA /* SceneDelegate.swift in Sources */,
				363EA7BA25B5FB83001E73CA /* LocationTrackerInterface.swift in Sources */,
				363EA7BC25B5FB83001E73CA /* LocationTrackerRouter.swift in Sources */,
				363EA7BF25B5FB83001E73CA /* TrackLocation.xcdatamodeld in Sources */,
				363EA7BB25B5FB83001E73CA /* LocationTrackerModel.swift in Sources */,
			);
			runOnlyForDeploymentPostprocessing = 0;
		};
		363EA78025B5F9C6001E73CA /* Sources */ = {
			isa = PBXSourcesBuildPhase;
			buildActionMask = 2147483647;
			files = (
				363EA78925B5F9C6001E73CA /* TrackLocationTests.swift in Sources */,
			);
			runOnlyForDeploymentPostprocessing = 0;
		};
		363EA78B25B5F9C6001E73CA /* Sources */ = {
			isa = PBXSourcesBuildPhase;
			buildActionMask = 2147483647;
			files = (
				363EA79425B5F9C6001E73CA /* TrackLocationUITests.swift in Sources */,
			);
			runOnlyForDeploymentPostprocessing = 0;
		};
/* End PBXSourcesBuildPhase section */

/* Begin PBXTargetDependency section */
		363EA78625B5F9C6001E73CA /* PBXTargetDependency */ = {
			isa = PBXTargetDependency;
			target = 363EA76A25B5F9C2001E73CA /* TrackLocation */;
			targetProxy = 363EA78525B5F9C6001E73CA /* PBXContainerItemProxy */;
		};
		363EA79125B5F9C6001E73CA /* PBXTargetDependency */ = {
			isa = PBXTargetDependency;
			target = 363EA76A25B5F9C2001E73CA /* TrackLocation */;
			targetProxy = 363EA79025B5F9C6001E73CA /* PBXContainerItemProxy */;
		};
/* End PBXTargetDependency section */

/* Begin PBXVariantGroup section */
		363EA77425B5F9C2001E73CA /* Main.storyboard */ = {
			isa = PBXVariantGroup;
			children = (
				363EA77525B5F9C2001E73CA /* Base */,
			);
			name = Main.storyboard;
			sourceTree = "<group>";
		};
		363EA77C25B5F9C6001E73CA /* LaunchScreen.storyboard */ = {
			isa = PBXVariantGroup;
			children = (
				363EA77D25B5F9C6001E73CA /* Base */,
			);
			name = LaunchScreen.storyboard;
			sourceTree = "<group>";
		};
/* End PBXVariantGroup section */

/* Begin XCBuildConfiguration section */
		363EA79625B5F9C6001E73CA /* Debug */ = {
			isa = XCBuildConfiguration;
			buildSettings = {
				ALWAYS_SEARCH_USER_PATHS = NO;
				CLANG_ANALYZER_NONNULL = YES;
				CLANG_ANALYZER_NUMBER_OBJECT_CONVERSION = YES_AGGRESSIVE;
				CLANG_CXX_LANGUAGE_STANDARD = "gnu++14";
				CLANG_CXX_LIBRARY = "libc++";
				CLANG_ENABLE_MODULES = YES;
				CLANG_ENABLE_OBJC_ARC = YES;
				CLANG_ENABLE_OBJC_WEAK = YES;
				CLANG_WARN_BLOCK_CAPTURE_AUTORELEASING = YES;
				CLANG_WARN_BOOL_CONVERSION = YES;
				CLANG_WARN_COMMA = YES;
				CLANG_WARN_CONSTANT_CONVERSION = YES;
				CLANG_WARN_DEPRECATED_OBJC_IMPLEMENTATIONS = YES;
				CLANG_WARN_DIRECT_OBJC_ISA_USAGE = YES_ERROR;
				CLANG_WARN_DOCUMENTATION_COMMENTS = YES;
				CLANG_WARN_EMPTY_BODY = YES;
				CLANG_WARN_ENUM_CONVERSION = YES;
				CLANG_WARN_INFINITE_RECURSION = YES;
				CLANG_WARN_INT_CONVERSION = YES;
				CLANG_WARN_NON_LITERAL_NULL_CONVERSION = YES;
				CLANG_WARN_OBJC_IMPLICIT_RETAIN_SELF = YES;
				CLANG_WARN_OBJC_LITERAL_CONVERSION = YES;
				CLANG_WARN_OBJC_ROOT_CLASS = YES_ERROR;
				CLANG_WARN_QUOTED_INCLUDE_IN_FRAMEWORK_HEADER = YES;
				CLANG_WARN_RANGE_LOOP_ANALYSIS = YES;
				CLANG_WARN_STRICT_PROTOTYPES = YES;
				CLANG_WARN_SUSPICIOUS_MOVE = YES;
				CLANG_WARN_UNGUARDED_AVAILABILITY = YES_AGGRESSIVE;
				CLANG_WARN_UNREACHABLE_CODE = YES;
				CLANG_WARN__DUPLICATE_METHOD_MATCH = YES;
				COPY_PHASE_STRIP = NO;
				DEBUG_INFORMATION_FORMAT = dwarf;
				ENABLE_STRICT_OBJC_MSGSEND = YES;
				ENABLE_TESTABILITY = YES;
				GCC_C_LANGUAGE_STANDARD = gnu11;
				GCC_DYNAMIC_NO_PIC = NO;
				GCC_NO_COMMON_BLOCKS = YES;
				GCC_OPTIMIZATION_LEVEL = 0;
				GCC_PREPROCESSOR_DEFINITIONS = (
					"DEBUG=1",
					"$(inherited)",
				);
				GCC_WARN_64_TO_32_BIT_CONVERSION = YES;
				GCC_WARN_ABOUT_RETURN_TYPE = YES_ERROR;
				GCC_WARN_UNDECLARED_SELECTOR = YES;
				GCC_WARN_UNINITIALIZED_AUTOS = YES_AGGRESSIVE;
				GCC_WARN_UNUSED_FUNCTION = YES;
				GCC_WARN_UNUSED_VARIABLE = YES;
				IPHONEOS_DEPLOYMENT_TARGET = 13.2;
				MTL_ENABLE_DEBUG_INFO = INCLUDE_SOURCE;
				MTL_FAST_MATH = YES;
				ONLY_ACTIVE_ARCH = YES;
				SDKROOT = iphoneos;
				SWIFT_ACTIVE_COMPILATION_CONDITIONS = DEBUG;
				SWIFT_OPTIMIZATION_LEVEL = "-Onone";
			};
			name = Debug;
		};
		363EA79725B5F9C6001E73CA /* Release */ = {
			isa = XCBuildConfiguration;
			buildSettings = {
				ALWAYS_SEARCH_USER_PATHS = NO;
				CLANG_ANALYZER_NONNULL = YES;
				CLANG_ANALYZER_NUMBER_OBJECT_CONVERSION = YES_AGGRESSIVE;
				CLANG_CXX_LANGUAGE_STANDARD = "gnu++14";
				CLANG_CXX_LIBRARY = "libc++";
				CLANG_ENABLE_MODULES = YES;
				CLANG_ENABLE_OBJC_ARC = YES;
				CLANG_ENABLE_OBJC_WEAK = YES;
				CLANG_WARN_BLOCK_CAPTURE_AUTORELEASING = YES;
				CLANG_WARN_BOOL_CONVERSION = YES;
				CLANG_WARN_COMMA = YES;
				CLANG_WARN_CONSTANT_CONVERSION = YES;
				CLANG_WARN_DEPRECATED_OBJC_IMPLEMENTATIONS = YES;
				CLANG_WARN_DIRECT_OBJC_ISA_USAGE = YES_ERROR;
				CLANG_WARN_DOCUMENTATION_COMMENTS = YES;
				CLANG_WARN_EMPTY_BODY = YES;
				CLANG_WARN_ENUM_CONVERSION = YES;
				CLANG_WARN_INFINITE_RECURSION = YES;
				CLANG_WARN_INT_CONVERSION = YES;
				CLANG_WARN_NON_LITERAL_NULL_CONVERSION = YES;
				CLANG_WARN_OBJC_IMPLICIT_RETAIN_SELF = YES;
				CLANG_WARN_OBJC_LITERAL_CONVERSION = YES;
				CLANG_WARN_OBJC_ROOT_CLASS = YES_ERROR;
				CLANG_WARN_QUOTED_INCLUDE_IN_FRAMEWORK_HEADER = YES;
				CLANG_WARN_RANGE_LOOP_ANALYSIS = YES;
				CLANG_WARN_STRICT_PROTOTYPES = YES;
				CLANG_WARN_SUSPICIOUS_MOVE = YES;
				CLANG_WARN_UNGUARDED_AVAILABILITY = YES_AGGRESSIVE;
				CLANG_WARN_UNREACHABLE_CODE = YES;
				CLANG_WARN__DUPLICATE_METHOD_MATCH = YES;
				COPY_PHASE_STRIP = NO;
				DEBUG_INFORMATION_FORMAT = "dwarf-with-dsym";
				ENABLE_NS_ASSERTIONS = NO;
				ENABLE_STRICT_OBJC_MSGSEND = YES;
				GCC_C_LANGUAGE_STANDARD = gnu11;
				GCC_NO_COMMON_BLOCKS = YES;
				GCC_WARN_64_TO_32_BIT_CONVERSION = YES;
				GCC_WARN_ABOUT_RETURN_TYPE = YES_ERROR;
				GCC_WARN_UNDECLARED_SELECTOR = YES;
				GCC_WARN_UNINITIALIZED_AUTOS = YES_AGGRESSIVE;
				GCC_WARN_UNUSED_FUNCTION = YES;
				GCC_WARN_UNUSED_VARIABLE = YES;
				IPHONEOS_DEPLOYMENT_TARGET = 13.2;
				MTL_ENABLE_DEBUG_INFO = NO;
				MTL_FAST_MATH = YES;
				SDKROOT = iphoneos;
				SWIFT_COMPILATION_MODE = wholemodule;
				SWIFT_OPTIMIZATION_LEVEL = "-O";
				VALIDATE_PRODUCT = YES;
			};
			name = Release;
		};
		363EA79925B5F9C6001E73CA /* Debug */ = {
			isa = XCBuildConfiguration;
			buildSettings = {
				ASSETCATALOG_COMPILER_APPICON_NAME = AppIcon;
				ASSETCATALOG_COMPILER_GLOBAL_ACCENT_COLOR_NAME = AccentColor;
				CODE_SIGN_STYLE = Automatic;
				DEVELOPMENT_TEAM = 7QCPZH5MSA;
				INFOPLIST_FILE = TrackLocation/Info.plist;
				LD_RUNPATH_SEARCH_PATHS = (
					"$(inherited)",
					"@executable_path/Frameworks",
				);
				PRODUCT_BUNDLE_IDENTIFIER = com.drishti.TrackLocation;
				PRODUCT_NAME = "$(TARGET_NAME)";
				SWIFT_VERSION = 5.0;
				TARGETED_DEVICE_FAMILY = "1,2";
			};
			name = Debug;
		};
		363EA79A25B5F9C6001E73CA /* Release */ = {
			isa = XCBuildConfiguration;
			buildSettings = {
				ASSETCATALOG_COMPILER_APPICON_NAME = AppIcon;
				ASSETCATALOG_COMPILER_GLOBAL_ACCENT_COLOR_NAME = AccentColor;
				CODE_SIGN_STYLE = Automatic;
				DEVELOPMENT_TEAM = 7QCPZH5MSA;
				INFOPLIST_FILE = TrackLocation/Info.plist;
				LD_RUNPATH_SEARCH_PATHS = (
					"$(inherited)",
					"@executable_path/Frameworks",
				);
				PRODUCT_BUNDLE_IDENTIFIER = com.drishti.TrackLocation;
				PRODUCT_NAME = "$(TARGET_NAME)";
				SWIFT_VERSION = 5.0;
				TARGETED_DEVICE_FAMILY = "1,2";
			};
			name = Release;
		};
		363EA79C25B5F9C6001E73CA /* Debug */ = {
			isa = XCBuildConfiguration;
			buildSettings = {
				ALWAYS_EMBED_SWIFT_STANDARD_LIBRARIES = YES;
				BUNDLE_LOADER = "$(TEST_HOST)";
				CODE_SIGN_STYLE = Automatic;
				INFOPLIST_FILE = TrackLocationTests/Info.plist;
				IPHONEOS_DEPLOYMENT_TARGET = 13.2;
				LD_RUNPATH_SEARCH_PATHS = (
					"$(inherited)",
					"@executable_path/Frameworks",
					"@loader_path/Frameworks",
				);
				PRODUCT_BUNDLE_IDENTIFIER = com.drishti.TrackLocationTests;
				PRODUCT_NAME = "$(TARGET_NAME)";
				SWIFT_VERSION = 5.0;
				TARGETED_DEVICE_FAMILY = "1,2";
				TEST_HOST = "$(BUILT_PRODUCTS_DIR)/TrackLocation.app/TrackLocation";
			};
			name = Debug;
		};
		363EA79D25B5F9C6001E73CA /* Release */ = {
			isa = XCBuildConfiguration;
			buildSettings = {
				ALWAYS_EMBED_SWIFT_STANDARD_LIBRARIES = YES;
				BUNDLE_LOADER = "$(TEST_HOST)";
				CODE_SIGN_STYLE = Automatic;
				INFOPLIST_FILE = TrackLocationTests/Info.plist;
				IPHONEOS_DEPLOYMENT_TARGET = 13.2;
				LD_RUNPATH_SEARCH_PATHS = (
					"$(inherited)",
					"@executable_path/Frameworks",
					"@loader_path/Frameworks",
				);
				PRODUCT_BUNDLE_IDENTIFIER = com.drishti.TrackLocationTests;
				PRODUCT_NAME = "$(TARGET_NAME)";
				SWIFT_VERSION = 5.0;
				TARGETED_DEVICE_FAMILY = "1,2";
				TEST_HOST = "$(BUILT_PRODUCTS_DIR)/TrackLocation.app/TrackLocation";
			};
			name = Release;
		};
		363EA79F25B5F9C6001E73CA /* Debug */ = {
			isa = XCBuildConfiguration;
			buildSettings = {
				ALWAYS_EMBED_SWIFT_STANDARD_LIBRARIES = YES;
				CODE_SIGN_STYLE = Automatic;
				INFOPLIST_FILE = TrackLocationUITests/Info.plist;
				LD_RUNPATH_SEARCH_PATHS = (
					"$(inherited)",
					"@executable_path/Frameworks",
					"@loader_path/Frameworks",
				);
				PRODUCT_BUNDLE_IDENTIFIER = com.drishti.TrackLocationUITests;
				PRODUCT_NAME = "$(TARGET_NAME)";
				SWIFT_VERSION = 5.0;
				TARGETED_DEVICE_FAMILY = "1,2";
				TEST_TARGET_NAME = TrackLocation;
			};
			name = Debug;
		};
		363EA7A025B5F9C6001E73CA /* Release */ = {
			isa = XCBuildConfiguration;
			buildSettings = {
				ALWAYS_EMBED_SWIFT_STANDARD_LIBRARIES = YES;
				CODE_SIGN_STYLE = Automatic;
				INFOPLIST_FILE = TrackLocationUITests/Info.plist;
				LD_RUNPATH_SEARCH_PATHS = (
					"$(inherited)",
					"@executable_path/Frameworks",
					"@loader_path/Frameworks",
				);
				PRODUCT_BUNDLE_IDENTIFIER = com.drishti.TrackLocationUITests;
				PRODUCT_NAME = "$(TARGET_NAME)";
				SWIFT_VERSION = 5.0;
				TARGETED_DEVICE_FAMILY = "1,2";
				TEST_TARGET_NAME = TrackLocation;
			};
			name = Release;
		};
/* End XCBuildConfiguration section */

/* Begin XCConfigurationList section */
		363EA76625B5F9C2001E73CA /* Build configuration list for PBXProject "TrackLocation" */ = {
			isa = XCConfigurationList;
			buildConfigurations = (
				363EA79625B5F9C6001E73CA /* Debug */,
				363EA79725B5F9C6001E73CA /* Release */,
			);
			defaultConfigurationIsVisible = 0;
			defaultConfigurationName = Release;
		};
		363EA79825B5F9C6001E73CA /* Build configuration list for PBXNativeTarget "TrackLocation" */ = {
			isa = XCConfigurationList;
			buildConfigurations = (
				363EA79925B5F9C6001E73CA /* Debug */,
				363EA79A25B5F9C6001E73CA /* Release */,
			);
			defaultConfigurationIsVisible = 0;
			defaultConfigurationName = Release;
		};
		363EA79B25B5F9C6001E73CA /* Build configuration list for PBXNativeTarget "TrackLocationTests" */ = {
			isa = XCConfigurationList;
			buildConfigurations = (
				363EA79C25B5F9C6001E73CA /* Debug */,
				363EA79D25B5F9C6001E73CA /* Release */,
			);
			defaultConfigurationIsVisible = 0;
			defaultConfigurationName = Release;
		};
		363EA79E25B5F9C6001E73CA /* Build configuration list for PBXNativeTarget "TrackLocationUITests" */ = {
			isa = XCConfigurationList;
			buildConfigurations = (
				363EA79F25B5F9C6001E73CA /* Debug */,
				363EA7A025B5F9C6001E73CA /* Release */,
			);
			defaultConfigurationIsVisible = 0;
			defaultConfigurationName = Release;
		};
/* End XCConfigurationList section */

/* Begin XCVersionGroup section */
		363EA7B525B5FB83001E73CA /* TrackLocation.xcdatamodeld */ = {
			isa = XCVersionGroup;
			children = (
				363EA7B625B5FB83001E73CA /* TrackLocation.xcdatamodel */,
			);
			currentVersion = 363EA7B625B5FB83001E73CA /* TrackLocation.xcdatamodel */;
			path = TrackLocation.xcdatamodeld;
			sourceTree = "<group>";
			versionGroupType = wrapper.xcdatamodel;
		};
/* End XCVersionGroup section */
	};
	rootObject = 363EA76325B5F9C2001E73CA /* Project object */;
}
